
Microsoft Visual Studio Solution File, Format Version 12.00
# Visual Studio Version 17
VisualStudioVersion = 17.10.35013.160
MinimumVisualStudioVersion = 10.0.40219.1
Project("{888888A0-9F3D-457C-B088-3A5042F75D52}") = "chi-square", "chi-square\chi-square.pyproj", "{402BD4A5-30DD-43FE-A345-A1296E2AE4B9}"
EndProject
Global
	GlobalSection(SolutionConfigurationPlatforms) = preSolution
		Debug|Any CPU = Debug|Any CPU
		Release|Any CPU = Release|Any CPU
	EndGlobalSection
	GlobalSection(ProjectConfigurationPlatforms) = postSolution
		{402BD4A5-30DD-43FE-A345-A1296E2AE4B9}.Debug|Any CPU.ActiveCfg = Debug|Any CPU
		{402BD4A5-30DD-43FE-A345-A1296E2AE4B9}.Release|Any CPU.ActiveCfg = Release|Any CPU
	EndGlobalSection
	GlobalSection(SolutionProperties) = preSolution
		HideSolutionNode = FALSE
	EndGlobalSection
	GlobalSection(ExtensibilityGlobals) = postSolution
		SolutionGuid = {14B97D99-8292-4C45-867E-1A9D4E0F9C9B}
	EndGlobalSection
EndGlobal
